Microsoft Visual Studio Solution File, Format Version 8.00
Project("{8BC9CEB8-8B4A-11D0-8D11-00A0C91BC942}") = "PEDsct", "PEDsct.vcproj", "{F3203CEA-9931-4E49-91D2-9B72365B6440}"
	ProjectSection(ProjectDependencies) = postProject
	EndProjectSection
EndProject
Global
	GlobalSection(SolutionConfiguration) = preSolution
		Debug = Debug
		Release = Release
	EndGlobalSection
	GlobalSection(ProjectConfiguration) = postSolution
		{F3203CEA-9931-4E49-91D2-9B72365B6440}.Debug.ActiveCfg = Debug|Win32
		{F3203CEA-9931-4E49-91D2-9B72365B6440}.Debug.Build.0 = Debug|Win32
		{F3203CEA-9931-4E49-91D2-9B72365B6440}.Release.ActiveCfg = Release|Win32
		{F3203CEA-9931-4E49-91D2-9B72365B6440}.Release.Build.0 = Release|Win32
	EndGlobalSection
	GlobalSection(ExtensibilityGlobals) = postSolution
	EndGlobalSection
	GlobalSection(ExtensibilityAddIns) = postSolution
	EndGlobalSection
EndGlobal
